
Microsoft Visual Studio Solution File, Format Version 12.00
# Visual Studio 14
VisualStudioVersion = 14.0.25420.1
MinimumVisualStudioVersion = 10.0.40219.1
Project("{FAE04EC0-301F-11D3-BF4B-00C04F79EFBC}") = "Challenge_3_DaysBetweenDates", "Challenge_3_DaysBetweenDates\Challenge_3_DaysBetweenDates.csproj", "{BF096B4E-2794-4DA1-BED3-2AF1D13A8FA0}"
EndProject
Global
	GlobalSection(SolutionConfigurationPlatforms) = preSolution
		Debug|Any CPU = Debug|Any CPU
		Release|Any CPU = Release|Any CPU
	EndGlobalSection
	GlobalSection(ProjectConfigurationPlatforms) = postSolution
		{BF096B4E-2794-4DA1-BED3-2AF1D13A8FA0}.Debug|Any CPU.ActiveCfg = Debug|Any CPU
		{BF096B4E-2794-4DA1-BED3-2AF1D13A8FA0}.Debug|Any CPU.Build.0 = Debug|Any CPU
		{BF096B4E-2794-4DA1-BED3-2AF1D13A8FA0}.Release|Any CPU.ActiveCfg = Release|Any CPU
		{BF096B4E-2794-4DA1-BED3-2AF1D13A8FA0}.Release|Any CPU.Build.0 = Release|Any CPU
	EndGlobalSection
	GlobalSection(SolutionProperties) = preSolution
		HideSolutionNode = FALSE
	EndGlobalSection
EndGlobal
