
Microsoft Visual Studio Solution File, Format Version 12.00
# Visual Studio 14
VisualStudioVersion = 14.0.25420.1
MinimumVisualStudioVersion = 10.0.40219.1
Project("{FAE04EC0-301F-11D3-BF4B-00C04F79EFBC}") = "SomeApp.Web", "SomeApp.Web\SomeApp.Web.csproj", "{1C9B5DA4-C50D-4EF5-9F38-51838EEB701A}"
EndProject
Project("{FAE04EC0-301F-11D3-BF4B-00C04F79EFBC}") = "SomeApp.Domain", "SomeApp.Domain\SomeApp.Domain.csproj", "{B4F0D46E-2CBD-418D-8B32-4D8AA4AD8639}"
EndProject
Project("{FAE04EC0-301F-11D3-BF4B-00C04F79EFBC}") = "SomeApp.Persistence", "SomeApp.Persistence\SomeApp.Persistence.csproj", "{AA8568C6-80C2-4FF8-85AB-1EB0213EC4A7}"
EndProject
Global
	GlobalSection(SolutionConfigurationPlatforms) = preSolution
		Debug|Any CPU = Debug|Any CPU
		Release|Any CPU = Release|Any CPU
	EndGlobalSection
	GlobalSection(ProjectConfigurationPlatforms) = postSolution
		{1C9B5DA4-C50D-4EF5-9F38-51838EEB701A}.Debug|Any CPU.ActiveCfg = Debug|Any CPU
		{1C9B5DA4-C50D-4EF5-9F38-51838EEB701A}.Debug|Any CPU.Build.0 = Debug|Any CPU
		{1C9B5DA4-C50D-4EF5-9F38-51838EEB701A}.Release|Any CPU.ActiveCfg = Release|Any CPU
		{1C9B5DA4-C50D-4EF5-9F38-51838EEB701A}.Release|Any CPU.Build.0 = Release|Any CPU
		{B4F0D46E-2CBD-418D-8B32-4D8AA4AD8639}.Debug|Any CPU.ActiveCfg = Debug|Any CPU
		{B4F0D46E-2CBD-418D-8B32-4D8AA4AD8639}.Debug|Any CPU.Build.0 = Debug|Any CPU
		{B4F0D46E-2CBD-418D-8B32-4D8AA4AD8639}.Release|Any CPU.ActiveCfg = Release|Any CPU
		{B4F0D46E-2CBD-418D-8B32-4D8AA4AD8639}.Release|Any CPU.Build.0 = Release|Any CPU
		{AA8568C6-80C2-4FF8-85AB-1EB0213EC4A7}.Debug|Any CPU.ActiveCfg = Debug|Any CPU
		{AA8568C6-80C2-4FF8-85AB-1EB0213EC4A7}.Debug|Any CPU.Build.0 = Debug|Any CPU
		{AA8568C6-80C2-4FF8-85AB-1EB0213EC4A7}.Release|Any CPU.ActiveCfg = Release|Any CPU
		{AA8568C6-80C2-4FF8-85AB-1EB0213EC4A7}.Release|Any CPU.Build.0 = Release|Any CPU
	EndGlobalSection
	GlobalSection(SolutionProperties) = preSolution
		HideSolutionNode = FALSE
	EndGlobalSection
EndGlobal
